// !$*UTF8*$!
{
	archiveVersion = 1;
	classes = {
	};
	objectVersion = 46;
	objects = {

/* Begin PBXBuildFile section */
		165023A71F56130300FF3DD4 /* Deep Space.jpg in Resources */ = {isa = PBXBuildFile; fileRef = 165023A61F56130300FF3DD4 /* Deep Space.jpg */; };
		1654E39E1F563484002C43C6 /* HomeViewController.swift in Sources */ = {isa = PBXBuildFile; fileRef = 1654E39D1F563484002C43C6 /* HomeViewController.swift */; };
		16A90AE71F560C7C00F50919 /* AppDelegate.swift in Sources */ = {isa = PBXBuildFile; fileRef = 16A90AE61F560C7C00F50919 /* AppDelegate.swift */; };
		16A90AE91F560C7C00F50919 /* ViewController.swift in Sources */ = {isa = PBXBuildFile; fileRef = 16A90AE81F560C7C00F50919 /* ViewController.swift */; };
		16A90AEC1F560C7C00F50919 /* Main.storyboard in Resources */ = {isa = PBXBuildFile; fileRef = 16A90AEA1F560C7C00F50919 /* Main.storyboard */; };
		16A90AEE1F560C7C00F50919 /* Assets.xcassets in Resources */ = {isa = PBXBuildFile; fileRef = 16A90AED1F560C7C00F50919 /* Assets.xcassets */; };
		16A90AF11F560C7C00F50919 /* LaunchScreen.storyboard in Resources */ = {isa = PBXBuildFile; fileRef = 16A90AEF1F560C7C00F50919 /* LaunchScreen.storyboard */; };
		16A90AFC1F560C7C00F50919 /* Oviedo_Fire_iOS_ApplicationTests.swift in Sources */ = {isa = PBXBuildFile; fileRef = 16A90AFB1F560C7C00F50919 /* Oviedo_Fire_iOS_ApplicationTests.swift */; };
		16A90B071F560C7C00F50919 /* Oviedo_Fire_iOS_ApplicationUITests.swift in Sources */ = {isa = PBXBuildFile; fileRef = 16A90B061F560C7C00F50919 /* Oviedo_Fire_iOS_ApplicationUITests.swift */; };
		16B859851F5640FE005E38E2 /* LoginViewController.swift in Sources */ = {isa = PBXBuildFile; fileRef = 16B859841F5640FE005E38E2 /* LoginViewController.swift */; };
		16C238A91F570E570036B615 /* offTruckViewController.swift in Sources */ = {isa = PBXBuildFile; fileRef = 16C238A71F570E570036B615 /* offTruckViewController.swift */; };
		16CF46911F560CB70063834B /* 50 Shades of Grey.jpg in Resources */ = {isa = PBXBuildFile; fileRef = 16CF468C1F560CB70063834B /* 50 Shades of Grey.jpg */; };
		16CF46921F560CB70063834B /* Hydrogen.jpg in Resources */ = {isa = PBXBuildFile; fileRef = 16CF468D1F560CB70063834B /* Hydrogen.jpg */; };
		16CF46931F560CB70063834B /* Learning and Leading.jpg in Resources */ = {isa = PBXBuildFile; fileRef = 16CF468E1F560CB70063834B /* Learning and Leading.jpg */; };
		16CF46941F560CB70063834B /* Lush.jpg in Resources */ = {isa = PBXBuildFile; fileRef = 16CF468F1F560CB70063834B /* Lush.jpg */; };
		16CF46951F560CB70063834B /* YouTube.jpg in Resources */ = {isa = PBXBuildFile; fileRef = 16CF46901F560CB70063834B /* YouTube.jpg */; };
/* End PBXBuildFile section */

/* Begin PBXContainerItemProxy section */
		16A90AF81F560C7C00F50919 /* PBXContainerItemProxy */ = {
			isa = PBXContainerItemProxy;
			containerPortal = 16A90ADB1F560C7C00F50919 /* Project object */;
			proxyType = 1;
			remoteGlobalIDString = 16A90AE21F560C7C00F50919;
			remoteInfo = "Oviedo Fire iOS Application";
		};
		16A90B031F560C7C00F50919 /* PBXContainerItemProxy */ = {
			isa = PBXContainerItemProxy;
			containerPortal = 16A90ADB1F560C7C00F50919 /* Project object */;
			proxyType = 1;
			remoteGlobalIDString = 16A90AE21F560C7C00F50919;
			remoteInfo = "Oviedo Fire iOS Application";
		};
/* End PBXContainerItemProxy section */

/* Begin PBXFileReference section */
		165023A61F56130300FF3DD4 /* Deep Space.jpg */ = {isa = PBXFileReference; lastKnownFileType = image.jpeg; path = "Deep Space.jpg"; sourceTree = "<group>"; };
		1654E39D1F563484002C43C6 /* HomeViewController.swift */ = {isa = PBXFileReference; fileEncoding = 4; lastKnownFileType = sourcecode.swift; path = HomeViewController.swift; sourceTree = "<group>"; };
		16A90AE31F560C7C00F50919 /* Oviedo Fire iOS Application.app */ = {isa = PBXFileReference; explicitFileType = wrapper.application; includeInIndex = 0; path = "Oviedo Fire iOS Application.app"; sourceTree = BUILT_PRODUCTS_DIR; };
		16A90AE61F560C7C00F50919 /* AppDelegate.swift */ = {isa = PBXFileReference; lastKnownFileType = sourcecode.swift; path = AppDelegate.swift; sourceTree = "<group>"; };
		16A90AE81F560C7C00F50919 /* ViewController.swift */ = {isa = PBXFileReference; lastKnownFileType = sourcecode.swift; path = ViewController.swift; sourceTree = "<group>"; };
		16A90AEB1F560C7C00F50919 /* Base */ = {isa = PBXFileReference; lastKnownFileType = file.storyboard; name = Base; path = Base.lproj/Main.storyboard; sourceTree = "<group>"; };
		16A90AED1F560C7C00F50919 /* Assets.xcassets */ = {isa = PBXFileReference; lastKnownFileType = folder.assetcatalog; path = Assets.xcassets; sourceTree = "<group>"; };
		16A90AF01F560C7C00F50919 /* Base */ = {isa = PBXFileReference; lastKnownFileType = file.storyboard; name = Base; path = Base.lproj/LaunchScreen.storyboard; sourceTree = "<group>"; };
		16A90AF21F560C7C00F50919 /* Info.plist */ = {isa = PBXFileReference; lastKnownFileType = text.plist.xml; path = Info.plist; sourceTree = "<group>"; };
		16A90AF71F560C7C00F50919 /* Oviedo Fire iOS ApplicationTests.xctest */ = {isa = PBXFileReference; explicitFileType = wrapper.cfbundle; includeInIndex = 0; path = "Oviedo Fire iOS ApplicationTests.xctest"; sourceTree = BUILT_PRODUCTS_DIR; };
		16A90AFB1F560C7C00F50919 /* Oviedo_Fire_iOS_ApplicationTests.swift */ = {isa = PBXFileReference; lastKnownFileType = sourcecode.swift; path = Oviedo_Fire_iOS_ApplicationTests.swift; sourceTree = "<group>"; };
		16A90AFD1F560C7C00F50919 /* Info.plist */ = {isa = PBXFileReference; lastKnownFileType = text.plist.xml; path = Info.plist; sourceTree = "<group>"; };
		16A90B021F560C7C00F50919 /* Oviedo Fire iOS ApplicationUITests.xctest */ = {isa = PBXFileReference; explicitFileType = wrapper.cfbundle; includeInIndex = 0; path = "Oviedo Fire iOS ApplicationUITests.xctest"; sourceTree = BUILT_PRODUCTS_DIR; };
		16A90B061F560C7C00F50919 /* Oviedo_Fire_iOS_ApplicationUITests.swift */ = {isa = PBXFileReference; lastKnownFileType = sourcecode.swift; path = Oviedo_Fire_iOS_ApplicationUITests.swift; sourceTree = "<group>"; };
		16A90B081F560C7C00F50919 /* Info.plist */ = {isa = PBXFileReference; lastKnownFileType = text.plist.xml; path = Info.plist; sourceTree = "<group>"; };
		16B859841F5640FE005E38E2 /* LoginViewController.swift */ = {isa = PBXFileReference; fileEncoding = 4; lastKnownFileType = sourcecode.swift; path = LoginViewController.swift; sourceTree = "<group>"; };
		16C238A71F570E570036B615 /* offTruckViewController.swift */ = {isa = PBXFileReference; fileEncoding = 4; lastKnownFileType = sourcecode.swift; path = offTruckViewController.swift; sourceTree = "<group>"; };
		16CF468C1F560CB70063834B /* 50 Shades of Grey.jpg */ = {isa = PBXFileReference; lastKnownFileType = image.jpeg; path = "50 Shades of Grey.jpg"; sourceTree = "<group>"; };
		16CF468D1F560CB70063834B /* Hydrogen.jpg */ = {isa = PBXFileReference; lastKnownFileType = image.jpeg; path = Hydrogen.jpg; sourceTree = "<group>"; };
		16CF468E1F560CB70063834B /* Learning and Leading.jpg */ = {isa = PBXFileReference; lastKnownFileType = image.jpeg; path = "Learning and Leading.jpg"; sourceTree = "<group>"; };
		16CF468F1F560CB70063834B /* Lush.jpg */ = {isa = PBXFileReference; lastKnownFileType = image.jpeg; path = Lush.jpg; sourceTree = "<group>"; };
		16CF46901F560CB70063834B /* YouTube.jpg */ = {isa = PBXFileReference; lastKnownFileType = image.jpeg; path = YouTube.jpg; sourceTree = "<group>"; };
/* End PBXFileReference section */

/* Begin PBXFrameworksBuildPhase section */
		16A90AE01F560C7C00F50919 /* Frameworks */ = {
			isa = PBXFrameworksBuildPhase;
			buildActionMask = 2147483647;
			files = (
			);
			runOnlyForDeploymentPostprocessing = 0;
		};
		16A90AF41F560C7C00F50919 /* Frameworks */ = {
			isa = PBXFrameworksBuildPhase;
			buildActionMask = 2147483647;
			files = (
			);
			runOnlyForDeploymentPostprocessing = 0;
		};
		16A90AFF1F560C7C00F50919 /* Frameworks */ = {
			isa = PBXFrameworksBuildPhase;
			buildActionMask = 2147483647;
			files = (
			);
			runOnlyForDeploymentPostprocessing = 0;
		};
/* End PBXFrameworksBuildPhase section */

/* Begin PBXGroup section */
		16A90ADA1F560C7C00F50919 = {
			isa = PBXGroup;
			children = (
				16A90AE51F560C7C00F50919 /* Oviedo Fire iOS Application */,
				16A90AFA1F560C7C00F50919 /* Oviedo Fire iOS ApplicationTests */,
				16A90B051F560C7C00F50919 /* Oviedo Fire iOS ApplicationUITests */,
				16A90AE41F560C7C00F50919 /* Products */,
			);
			sourceTree = "<group>";
		};
		16A90AE41F560C7C00F50919 /* Products */ = {
			isa = PBXGroup;
			children = (
				16A90AE31F560C7C00F50919 /* Oviedo Fire iOS Application.app */,
				16A90AF71F560C7C00F50919 /* Oviedo Fire iOS ApplicationTests.xctest */,
				16A90B021F560C7C00F50919 /* Oviedo Fire iOS ApplicationUITests.xctest */,
			);
			name = Products;
			sourceTree = "<group>";
		};
		16A90AE51F560C7C00F50919 /* Oviedo Fire iOS Application */ = {
			isa = PBXGroup;
			children = (
				16CF468B1F560CB70063834B /* BG */,
				16A90AE61F560C7C00F50919 /* AppDelegate.swift */,
				16A90AE81F560C7C00F50919 /* ViewController.swift */,
				16A90AEA1F560C7C00F50919 /* Main.storyboard */,
				16C238A71F570E570036B615 /* offTruckViewController.swift */,
				16B859841F5640FE005E38E2 /* LoginViewController.swift */,
				1654E39D1F563484002C43C6 /* HomeViewController.swift */,
				16A90AED1F560C7C00F50919 /* Assets.xcassets */,
				16A90AEF1F560C7C00F50919 /* LaunchScreen.storyboard */,
				16A90AF21F560C7C00F50919 /* Info.plist */,
			);
			path = "Oviedo Fire iOS Application";
			sourceTree = "<group>";
		};
		16A90AFA1F560C7C00F50919 /* Oviedo Fire iOS ApplicationTests */ = {
			isa = PBXGroup;
			children = (
				16A90AFB1F560C7C00F50919 /* Oviedo_Fire_iOS_ApplicationTests.swift */,
				16A90AFD1F560C7C00F50919 /* Info.plist */,
			);
			path = "Oviedo Fire iOS ApplicationTests";
			sourceTree = "<group>";
		};
		16A90B051F560C7C00F50919 /* Oviedo Fire iOS ApplicationUITests */ = {
			isa = PBXGroup;
			children = (
				16A90B061F560C7C00F50919 /* Oviedo_Fire_iOS_ApplicationUITests.swift */,
				16A90B081F560C7C00F50919 /* Info.plist */,
			);
			path = "Oviedo Fire iOS ApplicationUITests";
			sourceTree = "<group>";
		};
		16CF468B1F560CB70063834B /* BG */ = {
			isa = PBXGroup;
			children = (
				165023A61F56130300FF3DD4 /* Deep Space.jpg */,
				16CF468C1F560CB70063834B /* 50 Shades of Grey.jpg */,
				16CF468D1F560CB70063834B /* Hydrogen.jpg */,
				16CF468E1F560CB70063834B /* Learning and Leading.jpg */,
				16CF468F1F560CB70063834B /* Lush.jpg */,
				16CF46901F560CB70063834B /* YouTube.jpg */,
			);
			path = BG;
			sourceTree = "<group>";
		};
/* End PBXGroup section */

/* Begin PBXNativeTarget section */
		16A90AE21F560C7C00F50919 /* Oviedo Fire iOS Application */ = {
			isa = PBXNativeTarget;
			buildConfigurationList = 16A90B0B1F560C7C00F50919 /* Build configuration list for PBXNativeTarget "Oviedo Fire iOS Application" */;
			buildPhases = (
				16A90ADF1F560C7C00F50919 /* Sources */,
				16A90AE01F560C7C00F50919 /* Frameworks */,
				16A90AE11F560C7C00F50919 /* Resources */,
			);
			buildRules = (
			);
			dependencies = (
			);
			name = "Oviedo Fire iOS Application";
			productName = "Oviedo Fire iOS Application";
			productReference = 16A90AE31F560C7C00F50919 /* Oviedo Fire iOS Application.app */;
			productType = "com.apple.product-type.application";
		};
		16A90AF61F560C7C00F50919 /* Oviedo Fire iOS ApplicationTests */ = {
			isa = PBXNativeTarget;
			buildConfigurationList = 16A90B0E1F560C7C00F50919 /* Build configuration list for PBXNativeTarget "Oviedo Fire iOS ApplicationTests" */;
			buildPhases = (
				16A90AF31F560C7C00F50919 /* Sources */,
				16A90AF41F560C7C00F50919 /* Frameworks */,
				16A90AF51F560C7C00F50919 /* Resources */,
			);
			buildRules = (
			);
			dependencies = (
				16A90AF91F560C7C00F50919 /* PBXTargetDependency */,
			);
			name = "Oviedo Fire iOS ApplicationTests";
			productName = "Oviedo Fire iOS ApplicationTests";
			productReference = 16A90AF71F560C7C00F50919 /* Oviedo Fire iOS ApplicationTests.xctest */;
			productType = "com.apple.product-type.bundle.unit-test";
		};
		16A90B011F560C7C00F50919 /* Oviedo Fire iOS ApplicationUITests */ = {
			isa = PBXNativeTarget;
			buildConfigurationList = 16A90B111F560C7C00F50919 /* Build configuration list for PBXNativeTarget "Oviedo Fire iOS ApplicationUITests" */;
			buildPhases = (
				16A90AFE1F560C7C00F50919 /* Sources */,
				16A90AFF1F560C7C00F50919 /* Frameworks */,
				16A90B001F560C7C00F50919 /* Resources */,
			);
			buildRules = (
			);
			dependencies = (
				16A90B041F560C7C00F50919 /* PBXTargetDependency */,
			);
			name = "Oviedo Fire iOS ApplicationUITests";
			productName = "Oviedo Fire iOS ApplicationUITests";
			productReference = 16A90B021F560C7C00F50919 /* Oviedo Fire iOS ApplicationUITests.xctest */;
			productType = "com.apple.product-type.bundle.ui-testing";
		};
/* End PBXNativeTarget section */

/* Begin PBXProject section */
		16A90ADB1F560C7C00F50919 /* Project object */ = {
			isa = PBXProject;
			attributes = {
				LastSwiftUpdateCheck = 0830;
				LastUpgradeCheck = 0830;
				ORGANIZATIONNAME = "Jacob Solomon";
				TargetAttributes = {
					16A90AE21F560C7C00F50919 = {
						CreatedOnToolsVersion = 8.3.3;
						DevelopmentTeam = 68UXX2W585;
						ProvisioningStyle = Automatic;
					};
					16A90AF61F560C7C00F50919 = {
						CreatedOnToolsVersion = 8.3.3;
						DevelopmentTeam = 68UXX2W585;
						ProvisioningStyle = Automatic;
						TestTargetID = 16A90AE21F560C7C00F50919;
					};
					16A90B011F560C7C00F50919 = {
						CreatedOnToolsVersion = 8.3.3;
						DevelopmentTeam = 68UXX2W585;
						ProvisioningStyle = Automatic;
						TestTargetID = 16A90AE21F560C7C00F50919;
					};
				};
			};
			buildConfigurationList = 16A90ADE1F560C7C00F50919 /* Build configuration list for PBXProject "Oviedo Fire iOS Application" */;
			compatibilityVersion = "Xcode 3.2";
			developmentRegion = English;
			hasScannedForEncodings = 0;
			knownRegions = (
				en,
				Base,
			);
			mainGroup = 16A90ADA1F560C7C00F50919;
			productRefGroup = 16A90AE41F560C7C00F50919 /* Products */;
			projectDirPath = "";
			projectRoot = "";
			targets = (
				16A90AE21F560C7C00F50919 /* Oviedo Fire iOS Application */,
				16A90AF61F560C7C00F50919 /* Oviedo Fire iOS ApplicationTests */,
				16A90B011F560C7C00F50919 /* Oviedo Fire iOS ApplicationUITests */,
			);
		};
/* End PBXProject section */

/* Begin PBXResourcesBuildPhase section */
		16A90AE11F560C7C00F50919 /* Resources */ = {
			isa = PBXResourcesBuildPhase;
			buildActionMask = 2147483647;
			files = (
				16CF46931F560CB70063834B /* Learning and Leading.jpg in Resources */,
				16CF46941F560CB70063834B /* Lush.jpg in Resources */,
				16CF46921F560CB70063834B /* Hydrogen.jpg in Resources */,
				165023A71F56130300FF3DD4 /* Deep Space.jpg in Resources */,
				16A90AF11F560C7C00F50919 /* LaunchScreen.storyboard in Resources */,
				16CF46911F560CB70063834B /* 50 Shades of Grey.jpg in Resources */,
				16A90AEE1F560C7C00F50919 /* Assets.xcassets in Resources */,
				16A90AEC1F560C7C00F50919 /* Main.storyboard in Resources */,
				16CF46951F560CB70063834B /* YouTube.jpg in Resources */,
			);
			runOnlyForDeploymentPostprocessing = 0;
		};
		16A90AF51F560C7C00F50919 /* Resources */ = {
			isa = PBXResourcesBuildPhase;
			buildActionMask = 2147483647;
			files = (
			);
			runOnlyForDeploymentPostprocessing = 0;
		};
		16A90B001F560C7C00F50919 /* Resources */ = {
			isa = PBXResourcesBuildPhase;
			buildActionMask = 2147483647;
			files = (
			);
			runOnlyForDeploymentPostprocessing = 0;
		};
/* End PBXResourcesBuildPhase section */

/* Begin PBXSourcesBuildPhase section */
		16A90ADF1F560C7C00F50919 /* Sources */ = {
			isa = PBXSourcesBuildPhase;
			buildActionMask = 2147483647;
			files = (
				16B859851F5640FE005E38E2 /* LoginViewController.swift in Sources */,
				16A90AE91F560C7C00F50919 /* ViewController.swift in Sources */,
				16A90AE71F560C7C00F50919 /* AppDelegate.swift in Sources */,
				16C238A91F570E570036B615 /* offTruckViewController.swift in Sources */,
				1654E39E1F563484002C43C6 /* HomeViewController.swift in Sources */,
			);
			runOnlyForDeploymentPostprocessing = 0;
		};
		16A90AF31F560C7C00F50919 /* Sources */ = {
			isa = PBXSourcesBuildPhase;
			buildActionMask = 2147483647;
			files = (
				16A90AFC1F560C7C00F50919 /* Oviedo_Fire_iOS_ApplicationTests.swift in Sources */,
			);
			runOnlyForDeploymentPostprocessing = 0;
		};
		16A90AFE1F560C7C00F50919 /* Sources */ = {
			isa = PBXSourcesBuildPhase;
			buildActionMask = 2147483647;
			files = (
				16A90B071F560C7C00F50919 /* Oviedo_Fire_iOS_ApplicationUITests.swift in Sources */,
			);
			runOnlyForDeploymentPostprocessing = 0;
		};
/* End PBXSourcesBuildPhase section */

/* Begin PBXTargetDependency section */
		16A90AF91F560C7C00F50919 /* PBXTargetDependency */ = {
			isa = PBXTargetDependency;
			target = 16A90AE21F560C7C00F50919 /* Oviedo Fire iOS Application */;
			targetProxy = 16A90AF81F560C7C00F50919 /* PBXContainerItemProxy */;
		};
		16A90B041F560C7C00F50919 /* PBXTargetDependency */ = {
			isa = PBXTargetDependency;
			target = 16A90AE21F560C7C00F50919 /* Oviedo Fire iOS Application */;
			targetProxy = 16A90B031F560C7C00F50919 /* PBXContainerItemProxy */;
		};
/* End PBXTargetDependency section */

/* Begin PBXVariantGroup section */
		16A90AEA1F560C7C00F50919 /* Main.storyboard */ = {
			isa = PBXVariantGroup;
			children = (
				16A90AEB1F560C7C00F50919 /* Base */,
			);
			name = Main.storyboard;
			sourceTree = "<group>";
		};
		16A90AEF1F560C7C00F50919 /* LaunchScreen.storyboard */ = {
			isa = PBXVariantGroup;
			children = (
				16A90AF01F560C7C00F50919 /* Base */,
			);
			name = LaunchScreen.storyboard;
			sourceTree = "<group>";
		};
/* End PBXVariantGroup section */

/* Begin XCBuildConfiguration section */
		16A90B091F560C7C00F50919 /* Debug */ = {
			isa = XCBuildConfiguration;
			buildSettings = {
				ALWAYS_SEARCH_USER_PATHS = NO;
				CLANG_ANALYZER_NONNULL = YES;
				CLANG_ANALYZER_NUMBER_OBJECT_CONVERSION = YES_AGGRESSIVE;
				CLANG_CXX_LANGUAGE_STANDARD = "gnu++0x";
				CLANG_CXX_LIBRARY = "libc++";
				CLANG_ENABLE_MODULES = YES;
				CLANG_ENABLE_OBJC_ARC = YES;
				CLANG_WARN_BOOL_CONVERSION = YES;
				CLANG_WARN_CONSTANT_CONVERSION = YES;
				CLANG_WARN_DIRECT_OBJC_ISA_USAGE = YES_ERROR;
				CLANG_WARN_DOCUMENTATION_COMMENTS = YES;
				CLANG_WARN_EMPTY_BODY = YES;
				CLANG_WARN_ENUM_CONVERSION = YES;
				CLANG_WARN_INFINITE_RECURSION = YES;
				CLANG_WARN_INT_CONVERSION = YES;
				CLANG_WARN_OBJC_ROOT_CLASS = YES_ERROR;
				CLANG_WARN_SUSPICIOUS_MOVE = YES;
				CLANG_WARN_UNREACHABLE_CODE = YES;
				CLANG_WARN__DUPLICATE_METHOD_MATCH = YES;
				"CODE_SIGN_IDENTITY[sdk=iphoneos*]" = "iPhone Developer";
				COPY_PHASE_STRIP = NO;
				DEBUG_INFORMATION_FORMAT = dwarf;
				ENABLE_STRICT_OBJC_MSGSEND = YES;
				ENABLE_TESTABILITY = YES;
				GCC_C_LANGUAGE_STANDARD = gnu99;
				GCC_DYNAMIC_NO_PIC = NO;
				GCC_NO_COMMON_BLOCKS = YES;
				GCC_OPTIMIZATION_LEVEL = 0;
				GCC_PREPROCESSOR_DEFINITIONS = (
					"DEBUG=1",
					"$(inherited)",
				);
				GCC_WARN_64_TO_32_BIT_CONVERSION = YES;
				GCC_WARN_ABOUT_RETURN_TYPE = YES_ERROR;
				GCC_WARN_UNDECLARED_SELECTOR = YES;
				GCC_WARN_UNINITIALIZED_AUTOS = YES_AGGRESSIVE;
				GCC_WARN_UNUSED_FUNCTION = YES;
				GCC_WARN_UNUSED_VARIABLE = YES;
				IPHONEOS_DEPLOYMENT_TARGET = 10.3;
				MTL_ENABLE_DEBUG_INFO = YES;
				ONLY_ACTIVE_ARCH = YES;
				SDKROOT = iphoneos;
				SWIFT_ACTIVE_COMPILATION_CONDITIONS = DEBUG;
				SWIFT_OPTIMIZATION_LEVEL = "-Onone";
				TARGETED_DEVICE_FAMILY = "1,2";
			};
			name = Debug;
		};
		16A90B0A1F560C7C00F50919 /* Release */ = {
			isa = XCBuildConfiguration;
			buildSettings = {
				ALWAYS_SEARCH_USER_PATHS = NO;
				CLANG_ANALYZER_NONNULL = YES;
				CLANG_ANALYZER_NUMBER_OBJECT_CONVERSION = YES_AGGRESSIVE;
				CLANG_CXX_LANGUAGE_STANDARD = "gnu++0x";
				CLANG_CXX_LIBRARY = "libc++";
				CLANG_ENABLE_MODULES = YES;
				CLANG_ENABLE_OBJC_ARC = YES;
				CLANG_WARN_BOOL_CONVERSION = YES;
				CLANG_WARN_CONSTANT_CONVERSION = YES;
				CLANG_WARN_DIRECT_OBJC_ISA_USAGE = YES_ERROR;
				CLANG_WARN_DOCUMENTATION_COMMENTS = YES;
				CLANG_WARN_EMPTY_BODY = YES;
				CLANG_WARN_ENUM_CONVERSION = YES;
				CLANG_WARN_INFINITE_RECURSION = YES;
				CLANG_WARN_INT_CONVERSION = YES;
				CLANG_WARN_OBJC_ROOT_CLASS = YES_ERROR;
				CLANG_WARN_SUSPICIOUS_MOVE = YES;
				CLANG_WARN_UNREACHABLE_CODE = YES;
				CLANG_WARN__DUPLICATE_METHOD_MATCH = YES;
				"CODE_SIGN_IDENTITY[sdk=iphoneos*]" = "iPhone Developer";
				COPY_PHASE_STRIP = NO;
				DEBUG_INFORMATION_FORMAT = "dwarf-with-dsym";
				ENABLE_NS_ASSERTIONS = NO;
				ENABLE_STRICT_OBJC_MSGSEND = YES;
				GCC_C_LANGUAGE_STANDARD = gnu99;
				GCC_NO_COMMON_BLOCKS = YES;
				GCC_WARN_64_TO_32_BIT_CONVERSION = YES;
				GCC_WARN_ABOUT_RETURN_TYPE = YES_ERROR;
				GCC_WARN_UNDECLARED_SELECTOR = YES;
				GCC_WARN_UNINITIALIZED_AUTOS = YES_AGGRESSIVE;
				GCC_WARN_UNUSED_FUNCTION = YES;
				GCC_WARN_UNUSED_VARIABLE = YES;
				IPHONEOS_DEPLOYMENT_TARGET = 10.3;
				MTL_ENABLE_DEBUG_INFO = NO;
				SDKROOT = iphoneos;
				SWIFT_OPTIMIZATION_LEVEL = "-Owholemodule";
				TARGETED_DEVICE_FAMILY = "1,2";
				VALIDATE_PRODUCT = YES;
			};
			name = Release;
		};
		16A90B0C1F560C7C00F50919 /* Debug */ = {
			isa = XCBuildConfiguration;
			buildSettings = {
				ASSETCATALOG_COMPILER_APPICON_NAME = AppIcon;
				DEVELOPMENT_TEAM = 68UXX2W585;
				INFOPLIST_FILE = "Oviedo Fire iOS Application/Info.plist";
				LD_RUNPATH_SEARCH_PATHS = "$(inherited) @executable_path/Frameworks";
				PRODUCT_BUNDLE_IDENTIFIER = "UCFSeniorDesignGroup9.Oviedo-Fire-iOS-Application";
				PRODUCT_NAME = "$(TARGET_NAME)";
				SWIFT_VERSION = 3.0;
			};
			name = Debug;
		};
		16A90B0D1F560C7C00F50919 /* Release */ = {
			isa = XCBuildConfiguration;
			buildSettings = {
				ASSETCATALOG_COMPILER_APPICON_NAME = AppIcon;
				DEVELOPMENT_TEAM = 68UXX2W585;
				INFOPLIST_FILE = "Oviedo Fire iOS Application/Info.plist";
				LD_RUNPATH_SEARCH_PATHS = "$(inherited) @executable_path/Frameworks";
				PRODUCT_BUNDLE_IDENTIFIER = "UCFSeniorDesignGroup9.Oviedo-Fire-iOS-Application";
				PRODUCT_NAME = "$(TARGET_NAME)";
				SWIFT_VERSION = 3.0;
			};
			name = Release;
		};
		16A90B0F1F560C7C00F50919 /* Debug */ = {
			isa = XCBuildConfiguration;
			buildSettings = {
				ALWAYS_EMBED_SWIFT_STANDARD_LIBRARIES = YES;
				BUNDLE_LOADER = "$(TEST_HOST)";
				DEVELOPMENT_TEAM = 68UXX2W585;
				INFOPLIST_FILE = "Oviedo Fire iOS ApplicationTests/Info.plist";
				LD_RUNPATH_SEARCH_PATHS = "$(inherited) @executable_path/Frameworks @loader_path/Frameworks";
				PRODUCT_BUNDLE_IDENTIFIER = "UCFSeniorDesignGroup9.Oviedo-Fire-iOS-ApplicationTests";
				PRODUCT_NAME = "$(TARGET_NAME)";
				SWIFT_VERSION = 3.0;
				TEST_HOST = "$(BUILT_PRODUCTS_DIR)/Oviedo Fire iOS Application.app/Oviedo Fire iOS Application";
			};
			name = Debug;
		};
		16A90B101F560C7C00F50919 /* Release */ = {
			isa = XCBuildConfiguration;
			buildSettings = {
				ALWAYS_EMBED_SWIFT_STANDARD_LIBRARIES = YES;
				BUNDLE_LOADER = "$(TEST_HOST)";
				DEVELOPMENT_TEAM = 68UXX2W585;
				INFOPLIST_FILE = "Oviedo Fire iOS ApplicationTests/Info.plist";
				LD_RUNPATH_SEARCH_PATHS = "$(inherited) @executable_path/Frameworks @loader_path/Frameworks";
				PRODUCT_BUNDLE_IDENTIFIER = "UCFSeniorDesignGroup9.Oviedo-Fire-iOS-ApplicationTests";
				PRODUCT_NAME = "$(TARGET_NAME)";
				SWIFT_VERSION = 3.0;
				TEST_HOST = "$(BUILT_PRODUCTS_DIR)/Oviedo Fire iOS Application.app/Oviedo Fire iOS Application";
			};
			name = Release;
		};
		16A90B121F560C7C00F50919 /* Debug */ = {
			isa = XCBuildConfiguration;
			buildSettings = {
				ALWAYS_EMBED_SWIFT_STANDARD_LIBRARIES = YES;
				DEVELOPMENT_TEAM = 68UXX2W585;
				INFOPLIST_FILE = "Oviedo Fire iOS ApplicationUITests/Info.plist";
				LD_RUNPATH_SEARCH_PATHS = "$(inherited) @executable_path/Frameworks @loader_path/Frameworks";
				PRODUCT_BUNDLE_IDENTIFIER = "UCFSeniorDesignGroup9.Oviedo-Fire-iOS-ApplicationUITests";
				PRODUCT_NAME = "$(TARGET_NAME)";
				SWIFT_VERSION = 3.0;
				TEST_TARGET_NAME = "Oviedo Fire iOS Application";
			};
			name = Debug;
		};
		16A90B131F560C7C00F50919 /* Release */ = {
			isa = XCBuildConfiguration;
			buildSettings = {
				ALWAYS_EMBED_SWIFT_STANDARD_LIBRARIES = YES;
				DEVELOPMENT_TEAM = 68UXX2W585;
				INFOPLIST_FILE = "Oviedo Fire iOS ApplicationUITests/Info.plist";
				LD_RUNPATH_SEARCH_PATHS = "$(inherited) @executable_path/Frameworks @loader_path/Frameworks";
				PRODUCT_BUNDLE_IDENTIFIER = "UCFSeniorDesignGroup9.Oviedo-Fire-iOS-ApplicationUITests";
				PRODUCT_NAME = "$(TARGET_NAME)";
				SWIFT_VERSION = 3.0;
				TEST_TARGET_NAME = "Oviedo Fire iOS Application";
			};
			name = Release;
		};
/* End XCBuildConfiguration section */

/* Begin XCConfigurationList section */
		16A90ADE1F560C7C00F50919 /* Build configuration list for PBXProject "Oviedo Fire iOS Application" */ = {
			isa = XCConfigurationList;
			buildConfigurations = (
				16A90B091F560C7C00F50919 /* Debug */,
				16A90B0A1F560C7C00F50919 /* Release */,
			);
			defaultConfigurationIsVisible = 0;
			defaultConfigurationName = Release;
		};
		16A90B0B1F560C7C00F50919 /* Build configuration list for PBXNativeTarget "Oviedo Fire iOS Application" */ = {
			isa = XCConfigurationList;
			buildConfigurations = (
				16A90B0C1F560C7C00F50919 /* Debug */,
				16A90B0D1F560C7C00F50919 /* Release */,
			);
			defaultConfigurationIsVisible = 0;
			defaultConfigurationName = Release;
		};
		16A90B0E1F560C7C00F50919 /* Build configuration list for PBXNativeTarget "Oviedo Fire iOS ApplicationTests" */ = {
			isa = XCConfigurationList;
			buildConfigurations = (
				16A90B0F1F560C7C00F50919 /* Debug */,
				16A90B101F560C7C00F50919 /* Release */,
			);
			defaultConfigurationIsVisible = 0;
			defaultConfigurationName = Release;
		};
		16A90B111F560C7C00F50919 /* Build configuration list for PBXNativeTarget "Oviedo Fire iOS ApplicationUITests" */ = {
			isa = XCConfigurationList;
			buildConfigurations = (
				16A90B121F560C7C00F50919 /* Debug */,
				16A90B131F560C7C00F50919 /* Release */,
			);
			defaultConfigurationIsVisible = 0;
			defaultConfigurationName = Release;
		};
/* End XCConfigurationList section */
	};
	rootObject = 16A90ADB1F560C7C00F50919 /* Project object */;
}
